// !$*UTF8*$!
{
	archiveVersion = 1;
	classes = {
	};
	objectVersion = 46;
	objects = {

/* Begin PBXBuildFile section */
		4E1377EC1D152A6900857C36 /* CYLDrawView.m in Sources */ = {isa = PBXBuildFile; fileRef = 4E1377EB1D152A6900857C36 /* CYLDrawView.m */; };
		4E1377EF1D152B2400857C36 /* CYLToolBarView.m in Sources */ = {isa = PBXBuildFile; fileRef = 4E1377EE1D152B2400857C36 /* CYLToolBarView.m */; };
		4E1377F51D16516400857C36 /* CYLChemicalBond.m in Sources */ = {isa = PBXBuildFile; fileRef = 4E1377F41D16516400857C36 /* CYLChemicalBond.m */; };
		4E1377F91D16640500857C36 /* CYLCarbonAtom.m in Sources */ = {isa = PBXBuildFile; fileRef = 4E1377F81D16640500857C36 /* CYLCarbonAtom.m */; };
		4E1377FB1D17DFB400857C36 /* libxml2.tbd in Frameworks */ = {isa = PBXBuildFile; fileRef = 4E1377FA1D17DFB400857C36 /* libxml2.tbd */; };
		4E2A81A81D0D9BCF0082D785 /* main.m in Sources */ = {isa = PBXBuildFile; fileRef = 4E2A81A71D0D9BCF0082D785 /* main.m */; };
		4E2A81AB1D0D9BCF0082D785 /* AppDelegate.m in Sources */ = {isa = PBXBuildFile; fileRef = 4E2A81AA1D0D9BCF0082D785 /* AppDelegate.m */; };
		4E2A81B31D0D9BCF0082D785 /* Assets.xcassets in Resources */ = {isa = PBXBuildFile; fileRef = 4E2A81B21D0D9BCF0082D785 /* Assets.xcassets */; };
		4E2A81B61D0D9BCF0082D785 /* LaunchScreen.storyboard in Resources */ = {isa = PBXBuildFile; fileRef = 4E2A81B41D0D9BCF0082D785 /* LaunchScreen.storyboard */; };
		4E2A81C11D0D9BD00082D785 /* ChemMasterTests.m in Sources */ = {isa = PBXBuildFile; fileRef = 4E2A81C01D0D9BD00082D785 /* ChemMasterTests.m */; };
		4E2A81CC1D0D9BD00082D785 /* ChemMasterUITests.m in Sources */ = {isa = PBXBuildFile; fileRef = 4E2A81CB1D0D9BD00082D785 /* ChemMasterUITests.m */; };
		4E2A81E91D0D9FB90082D785 /* CYLMainViewController.m in Sources */ = {isa = PBXBuildFile; fileRef = 4E2A81E81D0D9FB90082D785 /* CYLMainViewController.m */; };
		4E2A81EF1D0D9FE50082D785 /* CYLDrawViewController.m in Sources */ = {isa = PBXBuildFile; fileRef = 4E2A81EE1D0D9FE50082D785 /* CYLDrawViewController.m */; };
		4E2A81F61D0DA0220082D785 /* CYLSearchViewController.m in Sources */ = {isa = PBXBuildFile; fileRef = 4E2A81F51D0DA0220082D785 /* CYLSearchViewController.m */; };
		4E2A82041D0DA6580082D785 /* CYLNaviViewController.m in Sources */ = {isa = PBXBuildFile; fileRef = 4E2A82001D0DA6570082D785 /* CYLNaviViewController.m */; };
		4E2A82051D0DA6580082D785 /* CYLTabBarController.m in Sources */ = {isa = PBXBuildFile; fileRef = 4E2A82021D0DA6570082D785 /* CYLTabBarController.m */; };
		4E2A82081D0DA6B40082D785 /* CYLTabBar.m in Sources */ = {isa = PBXBuildFile; fileRef = 4E2A82071D0DA6B40082D785 /* CYLTabBar.m */; };
		4E2A820E1D0DA7A40082D785 /* CYLBadgeView.m in Sources */ = {isa = PBXBuildFile; fileRef = 4E2A820B1D0DA7A40082D785 /* CYLBadgeView.m */; };
		4E2A820F1D0DA7A40082D785 /* UpImageDownTitleButton.m in Sources */ = {isa = PBXBuildFile; fileRef = 4E2A820D1D0DA7A40082D785 /* UpImageDownTitleButton.m */; };
		4E2A82131D0DB2970082D785 /* CYLTabBarButton.m in Sources */ = {isa = PBXBuildFile; fileRef = 4E2A82121D0DB2970082D785 /* CYLTabBarButton.m */; };
		4E2A82191D0EE0460082D785 /* CYLHeaderReusableView.m in Sources */ = {isa = PBXBuildFile; fileRef = 4E2A82181D0EE0460082D785 /* CYLHeaderReusableView.m */; };
		4E2A821C1D0EE7950082D785 /* CYLEditorChociseModel.m in Sources */ = {isa = PBXBuildFile; fileRef = 4E2A821B1D0EE7950082D785 /* CYLEditorChociseModel.m */; };
		4E2A82221D0FE1C70082D785 /* CYLHightLightCell.m in Sources */ = {isa = PBXBuildFile; fileRef = 4E2A82211D0FE1C70082D785 /* CYLHightLightCell.m */; };
		4E2A82251D0FE2860082D785 /* CYLHightLightModel.m in Sources */ = {isa = PBXBuildFile; fileRef = 4E2A82241D0FE2860082D785 /* CYLHightLightModel.m */; };
		4E2E44E01D2E69E700DFE058 /* CYLAngleBtn.m in Sources */ = {isa = PBXBuildFile; fileRef = 4E2E44DF1D2E69E700DFE058 /* CYLAngleBtn.m */; };
		4E5F79821D196551009AD7DC /* CYLnameReactionListViewController.m in Sources */ = {isa = PBXBuildFile; fileRef = 4E5F79811D196551009AD7DC /* CYLnameReactionListViewController.m */; };
		4E5F79861D19891E009AD7DC /* CYLTotalSythesisListViewController.m in Sources */ = {isa = PBXBuildFile; fileRef = 4E5F79851D19891E009AD7DC /* CYLTotalSythesisListViewController.m */; };
		4E5F798A1D1A492A009AD7DC /* NSString+CYLNsstring.m in Sources */ = {isa = PBXBuildFile; fileRef = 4E5F79891D1A492A009AD7DC /* NSString+CYLNsstring.m */; };
		4E5F798D1D1A4CFE009AD7DC /* CYLTotalSynDetailViewController.m in Sources */ = {isa = PBXBuildFile; fileRef = 4E5F798C1D1A4CFE009AD7DC /* CYLTotalSynDetailViewController.m */; };
		4E5F79911D1A5ECC009AD7DC /* UIColor+CYLColor.m in Sources */ = {isa = PBXBuildFile; fileRef = 4E5F79901D1A5ECC009AD7DC /* UIColor+CYLColor.m */; };
		4E5F79941D1B6E27009AD7DC /* CYLHighLightViewController.m in Sources */ = {isa = PBXBuildFile; fileRef = 4E5F79931D1B6E27009AD7DC /* CYLHighLightViewController.m */; };
		4E5F79981D1B753E009AD7DC /* CYLHighLightMonthViewController.m in Sources */ = {isa = PBXBuildFile; fileRef = 4E5F79971D1B753E009AD7DC /* CYLHighLightMonthViewController.m */; };
		4E5F799C1D1CC525009AD7DC /* CYLDoubleBond.m in Sources */ = {isa = PBXBuildFile; fileRef = 4E5F799B1D1CC525009AD7DC /* CYLDoubleBond.m */; };
		4E5F799F1D1CD312009AD7DC /* NSObject+CYLStorageMethod.m in Sources */ = {isa = PBXBuildFile; fileRef = 4E5F799E1D1CD312009AD7DC /* NSObject+CYLStorageMethod.m */; };
		4E5F79A21D1CE77C009AD7DC /* CYLResourceViewController.m in Sources */ = {isa = PBXBuildFile; fileRef = 4E5F79A11D1CE77C009AD7DC /* CYLResourceViewController.m */; };
		4E5F79A61D1CECC2009AD7DC /* CYLSpecificResourceViewController.m in Sources */ = {isa = PBXBuildFile; fileRef = 4E5F79A51D1CECC2009AD7DC /* CYLSpecificResourceViewController.m */; };
		4E6286631D1E5DEA005498F0 /* CYLTripleBond.m in Sources */ = {isa = PBXBuildFile; fileRef = 4E6286621D1E5DEA005498F0 /* CYLTripleBond.m */; };
		4E7E26BD1D408F670074B36C /* CYLGoToStore.m in Sources */ = {isa = PBXBuildFile; fileRef = 4E7E26BC1D408F670074B36C /* CYLGoToStore.m */; };
		4E7E26BF1D40980C0074B36C /* StoreKit.framework in Frameworks */ = {isa = PBXBuildFile; fileRef = 4E7E26BE1D40980C0074B36C /* StoreKit.framework */; };
		4E8B0D4A1D2BC5980086AE67 /* CYLAssistanceView.m in Sources */ = {isa = PBXBuildFile; fileRef = 4E8B0D491D2BC5980086AE67 /* CYLAssistanceView.m */; };
		4EAC5D821D14094600199DAA /* CoreGraphics.framework in Frameworks */ = {isa = PBXBuildFile; fileRef = 4EAC5D811D14094600199DAA /* CoreGraphics.framework */; };
		4EAC5D841D14094D00199DAA /* QuartzCore.framework in Frameworks */ = {isa = PBXBuildFile; fileRef = 4EAC5D831D14094D00199DAA /* QuartzCore.framework */; };
		4EAC5D861D1409E700199DAA /* UIKit.framework in Frameworks */ = {isa = PBXBuildFile; fileRef = 4EAC5D851D1409E700199DAA /* UIKit.framework */; };
		4EAC5D881D1409F100199DAA /* Foundation.framework in Frameworks */ = {isa = PBXBuildFile; fileRef = 4EAC5D871D1409F100199DAA /* Foundation.framework */; };
		4EADD1D21D2A2FA200DC7C94 /* CYLMineViewController.m in Sources */ = {isa = PBXBuildFile; fileRef = 4EADD1D01D2A2FA200DC7C94 /* CYLMineViewController.m */; };
		4EADD1DA1D2A3CEB00DC7C94 /* CYLShowSaveFileController.m in Sources */ = {isa = PBXBuildFile; fileRef = 4EADD1D91D2A3CEB00DC7C94 /* CYLShowSaveFileController.m */; };
		4EADD1DD1D2AA31000DC7C94 /* CYLDetailViewFromSaveViewController.m in Sources */ = {isa = PBXBuildFile; fileRef = 4EADD1DC1D2AA31000DC7C94 /* CYLDetailViewFromSaveViewController.m */; };
		4ECC97B81D10F16200D5000C /* WebKit.framework in Frameworks */ = {isa = PBXBuildFile; fileRef = 4ECC97B71D10F16200D5000C /* WebKit.framework */; };
		4ECC97BE1D10F3F800D5000C /* CYLWebViewController.m in Sources */ = {isa = PBXBuildFile; fileRef = 4ECC97BD1D10F3F800D5000C /* CYLWebViewController.m */; };
		4ECC97C21D11029600D5000C /* UIImage+CYLImageExtension.m in Sources */ = {isa = PBXBuildFile; fileRef = 4ECC97C11D11029600D5000C /* UIImage+CYLImageExtension.m */; };
		4ECC97C51D118DEE00D5000C /* libxml2.2.tbd in Frameworks */ = {isa = PBXBuildFile; fileRef = 4ECC97C41D118DEE00D5000C /* libxml2.2.tbd */; };
		4ECC97C81D1197D800D5000C /* CYLResultViewController.m in Sources */ = {isa = PBXBuildFile; fileRef = 4ECC97C71D1197D800D5000C /* CYLResultViewController.m */; };
		4ECC97CB1D1197E900D5000C /* CYLResultModel.m in Sources */ = {isa = PBXBuildFile; fileRef = 4ECC97CA1D1197E900D5000C /* CYLResultModel.m */; };
		4ECC97CE1D1261C100D5000C /* CYLDetailModel.m in Sources */ = {isa = PBXBuildFile; fileRef = 4ECC97CD1D1261C100D5000C /* CYLDetailModel.m */; };
		4ECC97D11D12818A00D5000C /* CYLReactionDetailViewController.m in Sources */ = {isa = PBXBuildFile; fileRef = 4ECC97D01D12818A00D5000C /* CYLReactionDetailViewController.m */; };
		CE31C95ACD49967E9DCE28CC /* libPods-ChemMaster.a in Frameworks */ = {isa = PBXBuildFile; fileRef = A756A2C6D2E97427A9486FDB /* libPods-ChemMaster.a */; };
/* End PBXBuildFile section */

/* Begin PBXContainerItemProxy section */
		4E2A81BD1D0D9BCF0082D785 /* PBXContainerItemProxy */ = {
			isa = PBXContainerItemProxy;
			containerPortal = 4E2A819B1D0D9BCF0082D785 /* Project object */;
			proxyType = 1;
			remoteGlobalIDString = 4E2A81A21D0D9BCF0082D785;
			remoteInfo = ChemMaster;
		};
		4E2A81C81D0D9BD00082D785 /* PBXContainerItemProxy */ = {
			isa = PBXContainerItemProxy;
			containerPortal = 4E2A819B1D0D9BCF0082D785 /* Project object */;
			proxyType = 1;
			remoteGlobalIDString = 4E2A81A21D0D9BCF0082D785;
			remoteInfo = ChemMaster;
		};
/* End PBXContainerItemProxy section */

/* Begin PBXFileReference section */
		4E1377EA1D152A6900857C36 /* CYLDrawView.h */ = {isa = PBXFileReference; fileEncoding = 4; lastKnownFileType = sourcecode.c.h; path = CYLDrawView.h; sourceTree = "<group>"; };
		4E1377EB1D152A6900857C36 /* CYLDrawView.m */ = {isa = PBXFileReference; fileEncoding = 4; lastKnownFileType = sourcecode.c.objc; path = CYLDrawView.m; sourceTree = "<group>"; };
		4E1377ED1D152B2400857C36 /* CYLToolBarView.h */ = {isa = PBXFileReference; fileEncoding = 4; lastKnownFileType = sourcecode.c.h; path = CYLToolBarView.h; sourceTree = "<group>"; };
		4E1377EE1D152B2400857C36 /* CYLToolBarView.m */ = {isa = PBXFileReference; fileEncoding = 4; lastKnownFileType = sourcecode.c.objc; path = CYLToolBarView.m; sourceTree = "<group>"; };
		4E1377F31D16516400857C36 /* CYLChemicalBond.h */ = {isa = PBXFileReference; fileEncoding = 4; lastKnownFileType = sourcecode.c.h; path = CYLChemicalBond.h; sourceTree = "<group>"; };
		4E1377F41D16516400857C36 /* CYLChemicalBond.m */ = {isa = PBXFileReference; fileEncoding = 4; lastKnownFileType = sourcecode.c.objc; path = CYLChemicalBond.m; sourceTree = "<group>"; };
		4E1377F71D16640500857C36 /* CYLCarbonAtom.h */ = {isa = PBXFileReference; fileEncoding = 4; lastKnownFileType = sourcecode.c.h; path = CYLCarbonAtom.h; sourceTree = "<group>"; };
		4E1377F81D16640500857C36 /* CYLCarbonAtom.m */ = {isa = PBXFileReference; fileEncoding = 4; lastKnownFileType = sourcecode.c.objc; path = CYLCarbonAtom.m; sourceTree = "<group>"; };
		4E1377FA1D17DFB400857C36 /* libxml2.tbd */ = {isa = PBXFileReference; lastKnownFileType = "sourcecode.text-based-dylib-definition"; name = libxml2.tbd; path = usr/lib/libxml2.tbd; sourceTree = SDKROOT; };
		4E2A81A31D0D9BCF0082D785 /* ChemMaster.app */ = {isa = PBXFileReference; explicitFileType = wrapper.application; includeInIndex = 0; path = ChemMaster.app; sourceTree = BUILT_PRODUCTS_DIR; };
		4E2A81A71D0D9BCF0082D785 /* main.m */ = {isa = PBXFileReference; lastKnownFileType = sourcecode.c.objc; path = main.m; sourceTree = "<group>"; };
		4E2A81A91D0D9BCF0082D785 /* AppDelegate.h */ = {isa = PBXFileReference; lastKnownFileType = sourcecode.c.h; name = AppDelegate.h; path = ../../AppDelegate.h; sourceTree = "<group>"; };
		4E2A81AA1D0D9BCF0082D785 /* AppDelegate.m */ = {isa = PBXFileReference; lastKnownFileType = sourcecode.c.objc; name = AppDelegate.m; path = ../../AppDelegate.m; sourceTree = "<group>"; };
		4E2A81B21D0D9BCF0082D785 /* Assets.xcassets */ = {isa = PBXFileReference; lastKnownFileType = folder.assetcatalog; path = Assets.xcassets; sourceTree = "<group>"; };
		4E2A81B51D0D9BCF0082D785 /* Base */ = {isa = PBXFileReference; lastKnownFileType = file.storyboard; name = Base; path = Base.lproj/LaunchScreen.storyboard; sourceTree = "<group>"; };
		4E2A81B71D0D9BCF0082D785 /* Info.plist */ = {isa = PBXFileReference; lastKnownFileType = text.plist.xml; path = Info.plist; sourceTree = "<group>"; };
		4E2A81BC1D0D9BCF0082D785 /* ChemMasterTests.xctest */ = {isa = PBXFileReference; explicitFileType = wrapper.cfbundle; includeInIndex = 0; path = ChemMasterTests.xctest; sourceTree = BUILT_PRODUCTS_DIR; };
		4E2A81C01D0D9BD00082D785 /* ChemMasterTests.m */ = {isa = PBXFileReference; lastKnownFileType = sourcecode.c.objc; path = ChemMasterTests.m; sourceTree = "<group>"; };
		4E2A81C21D0D9BD00082D785 /* Info.plist */ = {isa = PBXFileReference; lastKnownFileType = text.plist.xml; path = Info.plist; sourceTree = "<group>"; };
		4E2A81C71D0D9BD00082D785 /* ChemMasterUITests.xctest */ = {isa = PBXFileReference; explicitFileType = wrapper.cfbundle; includeInIndex = 0; path = ChemMasterUITests.xctest; sourceTree = BUILT_PRODUCTS_DIR; };
		4E2A81CB1D0D9BD00082D785 /* ChemMasterUITests.m */ = {isa = PBXFileReference; lastKnownFileType = sourcecode.c.objc; path = ChemMasterUITests.m; sourceTree = "<group>"; };
		4E2A81CD1D0D9BD00082D785 /* Info.plist */ = {isa = PBXFileReference; lastKnownFileType = text.plist.xml; path = Info.plist; sourceTree = "<group>"; };
		4E2A81E71D0D9FB90082D785 /* CYLMainViewController.h */ = {isa = PBXFileReference; fileEncoding = 4; lastKnownFileType = sourcecode.c.h; path = CYLMainViewController.h; sourceTree = "<group>"; };
		4E2A81E81D0D9FB90082D785 /* CYLMainViewController.m */ = {isa = PBXFileReference; fileEncoding = 4; lastKnownFileType = sourcecode.c.objc; path = CYLMainViewController.m; sourceTree = "<group>"; };
		4E2A81ED1D0D9FE50082D785 /* CYLDrawViewController.h */ = {isa = PBXFileReference; fileEncoding = 4; lastKnownFileType = sourcecode.c.h; path = CYLDrawViewController.h; sourceTree = "<group>"; };
		4E2A81EE1D0D9FE50082D785 /* CYLDrawViewController.m */ = {isa = PBXFileReference; fileEncoding = 4; lastKnownFileType = sourcecode.c.objc; path = CYLDrawViewController.m; sourceTree = "<group>"; };
		4E2A81F41D0DA0220082D785 /* CYLSearchViewController.h */ = {isa = PBXFileReference; fileEncoding = 4; lastKnownFileType = sourcecode.c.h; path = CYLSearchViewController.h; sourceTree = "<group>"; };
		4E2A81F51D0DA0220082D785 /* CYLSearchViewController.m */ = {isa = PBXFileReference; fileEncoding = 4; lastKnownFileType = sourcecode.c.objc; path = CYLSearchViewController.m; sourceTree = "<group>"; };
		4E2A81FF1D0DA6570082D785 /* CYLNaviViewController.h */ = {isa = PBXFileReference; fileEncoding = 4; lastKnownFileType = sourcecode.c.h; path = CYLNaviViewController.h; sourceTree = "<group>"; };
		4E2A82001D0DA6570082D785 /* CYLNaviViewController.m */ = {isa = PBXFileReference; fileEncoding = 4; lastKnownFileType = sourcecode.c.objc; path = CYLNaviViewController.m; sourceTree = "<group>"; };
		4E2A82011D0DA6570082D785 /* CYLTabBarController.h */ = {isa = PBXFileReference; fileEncoding = 4; lastKnownFileType = sourcecode.c.h; path = CYLTabBarController.h; sourceTree = "<group>"; };
		4E2A82021D0DA6570082D785 /* CYLTabBarController.m */ = {isa = PBXFileReference; fileEncoding = 4; lastKnownFileType = sourcecode.c.objc; path = CYLTabBarController.m; sourceTree = "<group>"; };
		4E2A82061D0DA6B40082D785 /* CYLTabBar.h */ = {isa = PBXFileReference; fileEncoding = 4; lastKnownFileType = sourcecode.c.h; path = CYLTabBar.h; sourceTree = "<group>"; };
		4E2A82071D0DA6B40082D785 /* CYLTabBar.m */ = {isa = PBXFileReference; fileEncoding = 4; lastKnownFileType = sourcecode.c.objc; path = CYLTabBar.m; sourceTree = "<group>"; };
		4E2A820A1D0DA7A40082D785 /* CYLBadgeView.h */ = {isa = PBXFileReference; fileEncoding = 4; lastKnownFileType = sourcecode.c.h; path = CYLBadgeView.h; sourceTree = "<group>"; };
		4E2A820B1D0DA7A40082D785 /* CYLBadgeView.m */ = {isa = PBXFileReference; fileEncoding = 4; lastKnownFileType = sourcecode.c.objc; path = CYLBadgeView.m; sourceTree = "<group>"; };
		4E2A820C1D0DA7A40082D785 /* UpImageDownTitleButton.h */ = {isa = PBXFileReference; fileEncoding = 4; lastKnownFileType = sourcecode.c.h; path = UpImageDownTitleButton.h; sourceTree = "<group>"; };
		4E2A820D1D0DA7A40082D785 /* UpImageDownTitleButton.m */ = {isa = PBXFileReference; fileEncoding = 4; lastKnownFileType = sourcecode.c.objc; path = UpImageDownTitleButton.m; sourceTree = "<group>"; };
		4E2A82111D0DB2970082D785 /* CYLTabBarButton.h */ = {isa = PBXFileReference; fileEncoding = 4; lastKnownFileType = sourcecode.c.h; path = CYLTabBarButton.h; sourceTree = "<group>"; };
		4E2A82121D0DB2970082D785 /* CYLTabBarButton.m */ = {isa = PBXFileReference; fileEncoding = 4; lastKnownFileType = sourcecode.c.objc; path = CYLTabBarButton.m; sourceTree = "<group>"; };
		4E2A82171D0EE0460082D785 /* CYLHeaderReusableView.h */ = {isa = PBXFileReference; fileEncoding = 4; lastKnownFileType = sourcecode.c.h; path = CYLHeaderReusableView.h; sourceTree = "<group>"; };
		4E2A82181D0EE0460082D785 /* CYLHeaderReusableView.m */ = {isa = PBXFileReference; fileEncoding = 4; lastKnownFileType = sourcecode.c.objc; path = CYLHeaderReusableView.m; sourceTree = "<group>"; };
		4E2A821A1D0EE7950082D785 /* CYLEditorChociseModel.h */ = {isa = PBXFileReference; fileEncoding = 4; lastKnownFileType = sourcecode.c.h; path = CYLEditorChociseModel.h; sourceTree = "<group>"; };
		4E2A821B1D0EE7950082D785 /* CYLEditorChociseModel.m */ = {isa = PBXFileReference; fileEncoding = 4; lastKnownFileType = sourcecode.c.objc; path = CYLEditorChociseModel.m; sourceTree = "<group>"; };
		4E2A82201D0FE1C70082D785 /* CYLHightLightCell.h */ = {isa = PBXFileReference; fileEncoding = 4; lastKnownFileType = sourcecode.c.h; path = CYLHightLightCell.h; sourceTree = "<group>"; };
		4E2A82211D0FE1C70082D785 /* CYLHightLightCell.m */ = {isa = PBXFileReference; fileEncoding = 4; lastKnownFileType = sourcecode.c.objc; path = CYLHightLightCell.m; sourceTree = "<group>"; };
		4E2A82231D0FE2860082D785 /* CYLHightLightModel.h */ = {isa = PBXFileReference; fileEncoding = 4; lastKnownFileType = sourcecode.c.h; path = CYLHightLightModel.h; sourceTree = "<group>"; };
		4E2A82241D0FE2860082D785 /* CYLHightLightModel.m */ = {isa = PBXFileReference; fileEncoding = 4; lastKnownFileType = sourcecode.c.objc; path = CYLHightLightModel.m; sourceTree = "<group>"; };
		4E2E44DE1D2E69E700DFE058 /* CYLAngleBtn.h */ = {isa = PBXFileReference; fileEncoding = 4; lastKnownFileType = sourcecode.c.h; path = CYLAngleBtn.h; sourceTree = "<group>"; };
		4E2E44DF1D2E69E700DFE058 /* CYLAngleBtn.m */ = {isa = PBXFileReference; fileEncoding = 4; lastKnownFileType = sourcecode.c.objc; path = CYLAngleBtn.m; sourceTree = "<group>"; };
		4E5F79801D196551009AD7DC /* CYLnameReactionListViewController.h */ = {isa = PBXFileReference; fileEncoding = 4; lastKnownFileType = sourcecode.c.h; path = CYLnameReactionListViewController.h; sourceTree = "<group>"; };
		4E5F79811D196551009AD7DC /* CYLnameReactionListViewController.m */ = {isa = PBXFileReference; fileEncoding = 4; lastKnownFileType = sourcecode.c.objc; path = CYLnameReactionListViewController.m; sourceTree = "<group>"; };
		4E5F79841D19891E009AD7DC /* CYLTotalSythesisListViewController.h */ = {isa = PBXFileReference; fileEncoding = 4; lastKnownFileType = sourcecode.c.h; path = CYLTotalSythesisListViewController.h; sourceTree = "<group>"; };
		4E5F79851D19891E009AD7DC /* CYLTotalSythesisListViewController.m */ = {isa = PBXFileReference; fileEncoding = 4; lastKnownFileType = sourcecode.c.objc; path = CYLTotalSythesisListViewController.m; sourceTree = "<group>"; };
		4E5F79881D1A492A009AD7DC /* NSString+CYLNsstring.h */ = {isa = PBXFileReference; fileEncoding = 4; lastKnownFileType = sourcecode.c.h; path = "NSString+CYLNsstring.h"; sourceTree = "<group>"; };
		4E5F79891D1A492A009AD7DC /* NSString+CYLNsstring.m */ = {isa = PBXFileReference; fileEncoding = 4; lastKnownFileType = sourcecode.c.objc; path = "NSString+CYLNsstring.m"; sourceTree = "<group>"; };
		4E5F798B1D1A4CFE009AD7DC /* CYLTotalSynDetailViewController.h */ = {isa = PBXFileReference; fileEncoding = 4; lastKnownFileType = sourcecode.c.h; path = CYLTotalSynDetailViewController.h; sourceTree = "<group>"; };
		4E5F798C1D1A4CFE009AD7DC /* CYLTotalSynDetailViewController.m */ = {isa = PBXFileReference; fileEncoding = 4; lastKnownFileType = sourcecode.c.objc; path = CYLTotalSynDetailViewController.m; sourceTree = "<group>"; };
		4E5F798F1D1A5ECC009AD7DC /* UIColor+CYLColor.h */ = {isa = PBXFileReference; fileEncoding = 4; lastKnownFileType = sourcecode.c.h; path = "UIColor+CYLColor.h"; sourceTree = "<group>"; };
		4E5F79901D1A5ECC009AD7DC /* UIColor+CYLColor.m */ = {isa = PBXFileReference; fileEncoding = 4; lastKnownFileType = sourcecode.c.objc; path = "UIColor+CYLColor.m"; sourceTree = "<group>"; };
		4E5F79921D1B6E27009AD7DC /* CYLHighLightViewController.h */ = {isa = PBXFileReference; fileEncoding = 4; lastKnownFileType = sourcecode.c.h; path = CYLHighLightViewController.h; sourceTree = "<group>"; };
		4E5F79931D1B6E27009AD7DC /* CYLHighLightViewController.m */ = {isa = PBXFileReference; fileEncoding = 4; lastKnownFileType = sourcecode.c.objc; path = CYLHighLightViewController.m; sourceTree = "<group>"; };
		4E5F79961D1B753E009AD7DC /* CYLHighLightMonthViewController.h */ = {isa = PBXFileReference; fileEncoding = 4; lastKnownFileType = sourcecode.c.h; path = CYLHighLightMonthViewController.h; sourceTree = "<group>"; };
		4E5F79971D1B753E009AD7DC /* CYLHighLightMonthViewController.m */ = {isa = PBXFileReference; fileEncoding = 4; lastKnownFileType = sourcecode.c.objc; path = CYLHighLightMonthViewController.m; sourceTree = "<group>"; };
		4E5F799A1D1CC525009AD7DC /* CYLDoubleBond.h */ = {isa = PBXFileReference; fileEncoding = 4; lastKnownFileType = sourcecode.c.h; path = CYLDoubleBond.h; sourceTree = "<group>"; };
		4E5F799B1D1CC525009AD7DC /* CYLDoubleBond.m */ = {isa = PBXFileReference; fileEncoding = 4; lastKnownFileType = sourcecode.c.objc; path = CYLDoubleBond.m; sourceTree = "<group>"; };
		4E5F799D1D1CD312009AD7DC /* NSObject+CYLStorageMethod.h */ = {isa = PBXFileReference; fileEncoding = 4; lastKnownFileType = sourcecode.c.h; path = "NSObject+CYLStorageMethod.h"; sourceTree = "<group>"; };
		4E5F799E1D1CD312009AD7DC /* NSObject+CYLStorageMethod.m */ = {isa = PBXFileReference; fileEncoding = 4; lastKnownFileType = sourcecode.c.objc; path = "NSObject+CYLStorageMethod.m"; sourceTree = "<group>"; };
		4E5F79A01D1CE77C009AD7DC /* CYLResourceViewController.h */ = {isa = PBXFileReference; fileEncoding = 4; lastKnownFileType = sourcecode.c.h; path = CYLResourceViewController.h; sourceTree = "<group>"; };
		4E5F79A11D1CE77C009AD7DC /* CYLResourceViewController.m */ = {isa = PBXFileReference; fileEncoding = 4; lastKnownFileType = sourcecode.c.objc; path = CYLResourceViewController.m; sourceTree = "<group>"; };
		4E5F79A41D1CECC2009AD7DC /* CYLSpecificResourceViewController.h */ = {isa = PBXFileReference; fileEncoding = 4; lastKnownFileType = sourcecode.c.h; path = CYLSpecificResourceViewController.h; sourceTree = "<group>"; };
		4E5F79A51D1CECC2009AD7DC /* CYLSpecificResourceViewController.m */ = {isa = PBXFileReference; fileEncoding = 4; lastKnownFileType = sourcecode.c.objc; path = CYLSpecificResourceViewController.m; sourceTree = "<group>"; };
		4E6286611D1E5DEA005498F0 /* CYLTripleBond.h */ = {isa = PBXFileReference; fileEncoding = 4; lastKnownFileType = sourcecode.c.h; path = CYLTripleBond.h; sourceTree = "<group>"; };
		4E6286621D1E5DEA005498F0 /* CYLTripleBond.m */ = {isa = PBXFileReference; fileEncoding = 4; lastKnownFileType = sourcecode.c.objc; path = CYLTripleBond.m; sourceTree = "<group>"; };
		4E7E26BB1D408F670074B36C /* CYLGoToStore.h */ = {isa = PBXFileReference; fileEncoding = 4; lastKnownFileType = sourcecode.c.h; path = CYLGoToStore.h; sourceTree = "<group>"; };
		4E7E26BC1D408F670074B36C /* CYLGoToStore.m */ = {isa = PBXFileReference; fileEncoding = 4; lastKnownFileType = sourcecode.c.objc; path = CYLGoToStore.m; sourceTree = "<group>"; };
		4E7E26BE1D40980C0074B36C /* StoreKit.framework */ = {isa = PBXFileReference; lastKnownFileType = wrapper.framework; name = StoreKit.framework; path = System/Library/Frameworks/StoreKit.framework; sourceTree = SDKROOT; };
		4E8B0D481D2BC5980086AE67 /* CYLAssistanceView.h */ = {isa = PBXFileReference; fileEncoding = 4; lastKnownFileType = sourcecode.c.h; path = CYLAssistanceView.h; sourceTree = "<group>"; };
		4E8B0D491D2BC5980086AE67 /* CYLAssistanceView.m */ = {isa = PBXFileReference; fileEncoding = 4; lastKnownFileType = sourcecode.c.objc; path = CYLAssistanceView.m; sourceTree = "<group>"; };
		4EAC5D811D14094600199DAA /* CoreGraphics.framework */ = {isa = PBXFileReference; lastKnownFileType = wrapper.framework; name = CoreGraphics.framework; path = System/Library/Frameworks/CoreGraphics.framework; sourceTree = SDKROOT; };
		4EAC5D831D14094D00199DAA /* QuartzCore.framework */ = {isa = PBXFileReference; lastKnownFileType = wrapper.framework; name = QuartzCore.framework; path = System/Library/Frameworks/QuartzCore.framework; sourceTree = SDKROOT; };
		4EAC5D851D1409E700199DAA /* UIKit.framework */ = {isa = PBXFileReference; lastKnownFileType = wrapper.framework; name = UIKit.framework; path = System/Library/Frameworks/UIKit.framework; sourceTree = SDKROOT; };
		4EAC5D871D1409F100199DAA /* Foundation.framework */ = {isa = PBXFileReference; lastKnownFileType = wrapper.framework; name = Foundation.framework; path = System/Library/Frameworks/Foundation.framework; sourceTree = SDKROOT; };
		4EADD1CF1D2A2FA200DC7C94 /* CYLMineViewController.h */ = {isa = PBXFileReference; fileEncoding = 4; lastKnownFileType = sourcecode.c.h; path = CYLMineViewController.h; sourceTree = "<group>"; };
		4EADD1D01D2A2FA200DC7C94 /* CYLMineViewController.m */ = {isa = PBXFileReference; fileEncoding = 4; lastKnownFileType = sourcecode.c.objc; path = CYLMineViewController.m; sourceTree = "<group>"; };
		4EADD1D81D2A3CEB00DC7C94 /* CYLShowSaveFileController.h */ = {isa = PBXFileReference; fileEncoding = 4; lastKnownFileType = sourcecode.c.h; path = CYLShowSaveFileController.h; sourceTree = "<group>"; };
		4EADD1D91D2A3CEB00DC7C94 /* CYLShowSaveFileController.m */ = {isa = PBXFileReference; fileEncoding = 4; lastKnownFileType = sourcecode.c.objc; path = CYLShowSaveFileController.m; sourceTree = "<group>"; };
		4EADD1DB1D2AA31000DC7C94 /* CYLDetailViewFromSaveViewController.h */ = {isa = PBXFileReference; fileEncoding = 4; lastKnownFileType = sourcecode.c.h; path = CYLDetailViewFromSaveViewController.h; sourceTree = "<group>"; };
		4EADD1DC1D2AA31000DC7C94 /* CYLDetailViewFromSaveViewController.m */ = {isa = PBXFileReference; fileEncoding = 4; lastKnownFileType = sourcecode.c.objc; path = CYLDetailViewFromSaveViewController.m; sourceTree = "<group>"; };
		4ECC97B71D10F16200D5000C /* WebKit.framework */ = {isa = PBXFileReference; lastKnownFileType = wrapper.framework; name = WebKit.framework; path = System/Library/Frameworks/WebKit.framework; sourceTree = SDKROOT; };
		4ECC97BC1D10F3F800D5000C /* CYLWebViewController.h */ = {isa = PBXFileReference; fileEncoding = 4; lastKnownFileType = sourcecode.c.h; path = CYLWebViewController.h; sourceTree = "<group>"; };
		4ECC97BD1D10F3F800D5000C /* CYLWebViewController.m */ = {isa = PBXFileReference; fileEncoding = 4; lastKnownFileType = sourcecode.c.objc; path = CYLWebViewController.m; sourceTree = "<group>"; };
		4ECC97C01D11029600D5000C /* UIImage+CYLImageExtension.h */ = {isa = PBXFileReference; fileEncoding = 4; lastKnownFileType = sourcecode.c.h; path = "UIImage+CYLImageExtension.h"; sourceTree = "<group>"; };
		4ECC97C11D11029600D5000C /* UIImage+CYLImageExtension.m */ = {isa = PBXFileReference; fileEncoding = 4; lastKnownFileType = sourcecode.c.objc; path = "UIImage+CYLImageExtension.m"; sourceTree = "<group>"; };
		4ECC97C31D11032E00D5000C /* Prefix.pch */ = {isa = PBXFileReference; fileEncoding = 4; lastKnownFileType = sourcecode.c.h; path = Prefix.pch; sourceTree = "<group>"; };
		4ECC97C41D118DEE00D5000C /* libxml2.2.tbd */ = {isa = PBXFileReference; lastKnownFileType = "sourcecode.text-based-dylib-definition"; name = libxml2.2.tbd; path = usr/lib/libxml2.2.tbd; sourceTree = SDKROOT; };
		4ECC97C61D1197D800D5000C /* CYLResultViewController.h */ = {isa = PBXFileReference; fileEncoding = 4; lastKnownFileType = sourcecode.c.h; path = CYLResultViewController.h; sourceTree = "<group>"; };
		4ECC97C71D1197D800D5000C /* CYLResultViewController.m */ = {isa = PBXFileReference; fileEncoding = 4; lastKnownFileType = sourcecode.c.objc; path = CYLResultViewController.m; sourceTree = "<group>"; };
		4ECC97C91D1197E900D5000C /* CYLResultModel.h */ = {isa = PBXFileReference; fileEncoding = 4; lastKnownFileType = sourcecode.c.h; path = CYLResultModel.h; sourceTree = "<group>"; };
		4ECC97CA1D1197E900D5000C /* CYLResultModel.m */ = {isa = PBXFileReference; fileEncoding = 4; lastKnownFileType = sourcecode.c.objc; path = CYLResultModel.m; sourceTree = "<group>"; };
		4ECC97CC1D1261C100D5000C /* CYLDetailModel.h */ = {isa = PBXFileReference; fileEncoding = 4; lastKnownFileType = sourcecode.c.h; path = CYLDetailModel.h; sourceTree = "<group>"; };
		4ECC97CD1D1261C100D5000C /* CYLDetailModel.m */ = {isa = PBXFileReference; fileEncoding = 4; lastKnownFileType = sourcecode.c.objc; path = CYLDetailModel.m; sourceTree = "<group>"; };
		4ECC97CF1D12818A00D5000C /* CYLReactionDetailViewController.h */ = {isa = PBXFileReference; fileEncoding = 4; lastKnownFileType = sourcecode.c.h; path = CYLReactionDetailViewController.h; sourceTree = "<group>"; };
		4ECC97D01D12818A00D5000C /* CYLReactionDetailViewController.m */ = {isa = PBXFileReference; fileEncoding = 4; lastKnownFileType = sourcecode.c.objc; path = CYLReactionDetailViewController.m; sourceTree = "<group>"; };
		730560DAAF9BC4822389DB9E /* Pods-ChemMaster.release.xcconfig */ = {isa = PBXFileReference; includeInIndex = 1; lastKnownFileType = text.xcconfig; name = "Pods-ChemMaster.release.xcconfig"; path = "Pods/Target Support Files/Pods-ChemMaster/Pods-ChemMaster.release.xcconfig"; sourceTree = "<group>"; };
		A756A2C6D2E97427A9486FDB /* libPods-ChemMaster.a */ = {isa = PBXFileReference; explicitFileType = archive.ar; includeInIndex = 0; path = "libPods-ChemMaster.a"; sourceTree = BUILT_PRODUCTS_DIR; };
		E01F783DFEA3D2E60DFA70CE /* Pods-ChemMaster.debug.xcconfig */ = {isa = PBXFileReference; includeInIndex = 1; lastKnownFileType = text.xcconfig; name = "Pods-ChemMaster.debug.xcconfig"; path = "Pods/Target Support Files/Pods-ChemMaster/Pods-ChemMaster.debug.xcconfig"; sourceTree = "<group>"; };
/* End PBXFileReference section */

/* Begin PBXFrameworksBuildPhase section */
		4E2A81A01D0D9BCF0082D785 /* Frameworks */ = {
			isa = PBXFrameworksBuildPhase;
			buildActionMask = 2147483647;
			files = (
				4E7E26BF1D40980C0074B36C /* StoreKit.framework in Frameworks */,
				4E1377FB1D17DFB400857C36 /* libxml2.tbd in Frameworks */,
				4EAC5D881D1409F100199DAA /* Foundation.framework in Frameworks */,
				4EAC5D861D1409E700199DAA /* UIKit.framework in Frameworks */,
				4EAC5D841D14094D00199DAA /* QuartzCore.framework in Frameworks */,
				4EAC5D821D14094600199DAA /* CoreGraphics.framework in Frameworks */,
				4ECC97C51D118DEE00D5000C /* libxml2.2.tbd in Frameworks */,
				4ECC97B81D10F16200D5000C /* WebKit.framework in Frameworks */,
				CE31C95ACD49967E9DCE28CC /* libPods-ChemMaster.a in Frameworks */,
			);
			runOnlyForDeploymentPostprocessing = 0;
		};
		4E2A81B91D0D9BCF0082D785 /* Frameworks */ = {
			isa = PBXFrameworksBuildPhase;
			buildActionMask = 2147483647;
			files = (
			);
			runOnlyForDeploymentPostprocessing = 0;
		};
		4E2A81C41D0D9BD00082D785 /* Frameworks */ = {
			isa = PBXFrameworksBuildPhase;
			buildActionMask = 2147483647;
			files = (
			);
			runOnlyForDeploymentPostprocessing = 0;
		};
/* End PBXFrameworksBuildPhase section */

/* Begin PBXGroup section */
		2EF9E25ECFB95701308F5A24 /* Pods */ = {
			isa = PBXGroup;
			children = (
				E01F783DFEA3D2E60DFA70CE /* Pods-ChemMaster.debug.xcconfig */,
				730560DAAF9BC4822389DB9E /* Pods-ChemMaster.release.xcconfig */,
			);
			name = Pods;
			sourceTree = "<group>";
		};
		4E1377F61D1663F200857C36 /* Atoms */ = {
			isa = PBXGroup;
			children = (
				4E1377F71D16640500857C36 /* CYLCarbonAtom.h */,
				4E1377F81D16640500857C36 /* CYLCarbonAtom.m */,
			);
			name = Atoms;
			sourceTree = "<group>";
		};
		4E2A819A1D0D9BCF0082D785 = {
			isa = PBXGroup;
			children = (
				4E2A81A51D0D9BCF0082D785 /* ChemMaster */,
				4E2A81BF1D0D9BCF0082D785 /* ChemMasterTests */,
				4E2A81CA1D0D9BD00082D785 /* ChemMasterUITests */,
				4E2A81A41D0D9BCF0082D785 /* Products */,
				2EF9E25ECFB95701308F5A24 /* Pods */,
				9D8459DEB8A9F70BCD5E3FEB /* Frameworks */,
			);
			sourceTree = "<group>";
		};
		4E2A81A41D0D9BCF0082D785 /* Products */ = {
			isa = PBXGroup;
			children = (
				4E2A81A31D0D9BCF0082D785 /* ChemMaster.app */,
				4E2A81BC1D0D9BCF0082D785 /* ChemMasterTests.xctest */,
				4E2A81C71D0D9BD00082D785 /* ChemMasterUITests.xctest */,
			);
			name = Products;
			sourceTree = "<group>";
		};
		4E2A81A51D0D9BCF0082D785 /* ChemMaster */ = {
			isa = PBXGroup;
			children = (
				4E2A81D91D0D9E080082D785 /* Classes */,
				4E2A81A61D0D9BCF0082D785 /* Supporting Files */,
			);
			path = ChemMaster;
			sourceTree = "<group>";
		};
		4E2A81A61D0D9BCF0082D785 /* Supporting Files */ = {
			isa = PBXGroup;
			children = (
				4E2A81B21D0D9BCF0082D785 /* Assets.xcassets */,
				4E2A81B41D0D9BCF0082D785 /* LaunchScreen.storyboard */,
				4E2A81B71D0D9BCF0082D785 /* Info.plist */,
				4E2A81A71D0D9BCF0082D785 /* main.m */,
			);
			name = "Supporting Files";
			sourceTree = "<group>";
		};
		4E2A81BF1D0D9BCF0082D785 /* ChemMasterTests */ = {
			isa = PBXGroup;
			children = (
				4E2A81C01D0D9BD00082D785 /* ChemMasterTests.m */,
				4E2A81C21D0D9BD00082D785 /* Info.plist */,
			);
			path = ChemMasterTests;
			sourceTree = "<group>";
		};
		4E2A81CA1D0D9BD00082D785 /* ChemMasterUITests */ = {
			isa = PBXGroup;
			children = (
				4E2A81CB1D0D9BD00082D785 /* ChemMasterUITests.m */,
				4E2A81CD1D0D9BD00082D785 /* Info.plist */,
			);
			path = ChemMasterUITests;
			sourceTree = "<group>";
		};
		4E2A81D91D0D9E080082D785 /* Classes */ = {
			isa = PBXGroup;
			children = (
				4E2A82091D0DA7A40082D785 /* Tool */,
				4E2A81F71D0DA0400082D785 /* TabbarController */,
				4E2A81DA1D0D9E080082D785 /* Draw */,
				4E2A81DE1D0D9E080082D785 /* Main */,
				4E2A81E21D0D9E080082D785 /* Mine */,
				4E2A81F01D0DA0120082D785 /* Search */,
				4E2A81E61D0D9E080082D785 /* Other */,
			);
			path = Classes;
			sourceTree = "<group>";
		};
		4E2A81DA1D0D9E080082D785 /* Draw */ = {
			isa = PBXGroup;
			children = (
				4E2A81DB1D0D9E080082D785 /* Controller */,
				4E2A81DC1D0D9E080082D785 /* Model */,
				4E2A81DD1D0D9E080082D785 /* View */,
			);
			path = Draw;
			sourceTree = "<group>";
		};
		4E2A81DB1D0D9E080082D785 /* Controller */ = {
			isa = PBXGroup;
			children = (
				4E2A81ED1D0D9FE50082D785 /* CYLDrawViewController.h */,
				4E2A81EE1D0D9FE50082D785 /* CYLDrawViewController.m */,
			);
			path = Controller;
			sourceTree = "<group>";
		};
		4E2A81DC1D0D9E080082D785 /* Model */ = {
			isa = PBXGroup;
			children = (
				4E1377F61D1663F200857C36 /* Atoms */,
				4E1377F31D16516400857C36 /* CYLChemicalBond.h */,
				4E1377F41D16516400857C36 /* CYLChemicalBond.m */,
				4E5F799A1D1CC525009AD7DC /* CYLDoubleBond.h */,
				4E5F799B1D1CC525009AD7DC /* CYLDoubleBond.m */,
				4E6286611D1E5DEA005498F0 /* CYLTripleBond.h */,
				4E6286621D1E5DEA005498F0 /* CYLTripleBond.m */,
			);
			path = Model;
			sourceTree = "<group>";
		};
		4E2A81DD1D0D9E080082D785 /* View */ = {
			isa = PBXGroup;
			children = (
				4E1377EA1D152A6900857C36 /* CYLDrawView.h */,
				4E1377EB1D152A6900857C36 /* CYLDrawView.m */,
				4E1377ED1D152B2400857C36 /* CYLToolBarView.h */,
				4E1377EE1D152B2400857C36 /* CYLToolBarView.m */,
				4E8B0D481D2BC5980086AE67 /* CYLAssistanceView.h */,
				4E8B0D491D2BC5980086AE67 /* CYLAssistanceView.m */,
			);
			path = View;
			sourceTree = "<group>";
		};
		4E2A81DE1D0D9E080082D785 /* Main */ = {
			isa = PBXGroup;
			children = (
				4E2A81DF1D0D9E080082D785 /* Controller */,
				4E2A81E01D0D9E080082D785 /* Model */,
				4E2A81E11D0D9E080082D785 /* View */,
			);
			path = Main;
			sourceTree = "<group>";
		};
		4E2A81DF1D0D9E080082D785 /* Controller */ = {
			isa = PBXGroup;
			children = (
				4E2A81E71D0D9FB90082D785 /* CYLMainViewController.h */,
				4E2A81E81D0D9FB90082D785 /* CYLMainViewController.m */,
				4ECC97BC1D10F3F800D5000C /* CYLWebViewController.h */,
				4ECC97BD1D10F3F800D5000C /* CYLWebViewController.m */,
			);
			path = Controller;
			sourceTree = "<group>";
		};
		4E2A81E01D0D9E080082D785 /* Model */ = {
			isa = PBXGroup;
			children = (
				4E2A821A1D0EE7950082D785 /* CYLEditorChociseModel.h */,
				4E2A821B1D0EE7950082D785 /* CYLEditorChociseModel.m */,
				4E2A82231D0FE2860082D785 /* CYLHightLightModel.h */,
				4E2A82241D0FE2860082D785 /* CYLHightLightModel.m */,
			);
			path = Model;
			sourceTree = "<group>";
		};
		4E2A81E11D0D9E080082D785 /* View */ = {
			isa = PBXGroup;
			children = (
				4E2A82171D0EE0460082D785 /* CYLHeaderReusableView.h */,
				4E2A82181D0EE0460082D785 /* CYLHeaderReusableView.m */,
				4E2A82201D0FE1C70082D785 /* CYLHightLightCell.h */,
				4E2A82211D0FE1C70082D785 /* CYLHightLightCell.m */,
			);
			path = View;
			sourceTree = "<group>";
		};
		4E2A81E21D0D9E080082D785 /* Mine */ = {
			isa = PBXGroup;
			children = (
				4E2A81E31D0D9E080082D785 /* Controller */,
				4E2A81E41D0D9E080082D785 /* Model */,
				4E2A81E51D0D9E080082D785 /* View */,
			);
			path = Mine;
			sourceTree = "<group>";
		};
		4E2A81E31D0D9E080082D785 /* Controller */ = {
			isa = PBXGroup;
			children = (
				4EADD1CF1D2A2FA200DC7C94 /* CYLMineViewController.h */,
				4EADD1D01D2A2FA200DC7C94 /* CYLMineViewController.m */,
				4EADD1D81D2A3CEB00DC7C94 /* CYLShowSaveFileController.h */,
				4EADD1D91D2A3CEB00DC7C94 /* CYLShowSaveFileController.m */,
				4EADD1DB1D2AA31000DC7C94 /* CYLDetailViewFromSaveViewController.h */,
				4EADD1DC1D2AA31000DC7C94 /* CYLDetailViewFromSaveViewController.m */,
			);
			path = Controller;
			sourceTree = "<group>";
		};
		4E2A81E41D0D9E080082D785 /* Model */ = {
			isa = PBXGroup;
			children = (
			);
			path = Model;
			sourceTree = "<group>";
		};
		4E2A81E51D0D9E080082D785 /* View */ = {
			isa = PBXGroup;
			children = (
			);
			path = View;
			sourceTree = "<group>";
		};
		4E2A81E61D0D9E080082D785 /* Other */ = {
			isa = PBXGroup;
			children = (
				4ECC97BF1D11027B00D5000C /* catagory */,
				4E2A81A91D0D9BCF0082D785 /* AppDelegate.h */,
				4E2A81AA1D0D9BCF0082D785 /* AppDelegate.m */,
				4ECC97C31D11032E00D5000C /* Prefix.pch */,
			);
			path = Other;
			sourceTree = "<group>";
		};
		4E2A81F01D0DA0120082D785 /* Search */ = {
			isa = PBXGroup;
			children = (
				4E2A81F11D0DA0120082D785 /* Controller */,
				4E2A81F21D0DA0120082D785 /* Model */,
				4E2A81F31D0DA0120082D785 /* View */,
			);
			path = Search;
			sourceTree = "<group>";
		};
		4E2A81F11D0DA0120082D785 /* Controller */ = {
			isa = PBXGroup;
			children = (
				4EAC5D771D1400C900199DAA /* Search ViewController */,
				4EAC5D781D1400E500199DAA /* Result ViewController */,
				4EAC5D791D14010800199DAA /* Result Detail ViewController */,
			);
			path = Controller;
			sourceTree = "<group>";
		};
		4E2A81F21D0DA0120082D785 /* Model */ = {
			isa = PBXGroup;
			children = (
				4ECC97C91D1197E900D5000C /* CYLResultModel.h */,
				4ECC97CA1D1197E900D5000C /* CYLResultModel.m */,
				4ECC97CC1D1261C100D5000C /* CYLDetailModel.h */,
				4ECC97CD1D1261C100D5000C /* CYLDetailModel.m */,
			);
			path = Model;
			sourceTree = "<group>";
		};
		4E2A81F31D0DA0120082D785 /* View */ = {
			isa = PBXGroup;
			children = (
			);
			path = View;
			sourceTree = "<group>";
		};
		4E2A81F71D0DA0400082D785 /* TabbarController */ = {
			isa = PBXGroup;
			children = (
				4E2A81FE1D0DA6570082D785 /* Controller */,
				4E2A82031D0DA6580082D785 /* View */,
			);
			path = TabbarController;
			sourceTree = "<group>";
		};
		4E2A81FE1D0DA6570082D785 /* Controller */ = {
			isa = PBXGroup;
			children = (
				4E2A81FF1D0DA6570082D785 /* CYLNaviViewController.h */,
				4E2A82001D0DA6570082D785 /* CYLNaviViewController.m */,
				4E2A82011D0DA6570082D785 /* CYLTabBarController.h */,
				4E2A82021D0DA6570082D785 /* CYLTabBarController.m */,
			);
			path = Controller;
			sourceTree = "<group>";
		};
		4E2A82031D0DA6580082D785 /* View */ = {
			isa = PBXGroup;
			children = (
				4E2A82061D0DA6B40082D785 /* CYLTabBar.h */,
				4E2A82071D0DA6B40082D785 /* CYLTabBar.m */,
				4E2A82111D0DB2970082D785 /* CYLTabBarButton.h */,
				4E2A82121D0DB2970082D785 /* CYLTabBarButton.m */,
			);
			path = View;
			sourceTree = "<group>";
		};
		4E2A82091D0DA7A40082D785 /* Tool */ = {
			isa = PBXGroup;
			children = (
				4EAC5D801D14082800199DAA /* loading Animation */,
				4E2A820A1D0DA7A40082D785 /* CYLBadgeView.h */,
				4E2A820B1D0DA7A40082D785 /* CYLBadgeView.m */,
				4E2A820C1D0DA7A40082D785 /* UpImageDownTitleButton.h */,
				4E2A820D1D0DA7A40082D785 /* UpImageDownTitleButton.m */,
				4E2E44DE1D2E69E700DFE058 /* CYLAngleBtn.h */,
				4E2E44DF1D2E69E700DFE058 /* CYLAngleBtn.m */,
				4E7E26C01D409E420074B36C /* gotoStore */,
			);
			path = Tool;
			sourceTree = "<group>";
		};
		4E5F79831D1965EA009AD7DC /* nameReactionList */ = {
			isa = PBXGroup;
			children = (
				4E5F79801D196551009AD7DC /* CYLnameReactionListViewController.h */,
				4E5F79811D196551009AD7DC /* CYLnameReactionListViewController.m */,
			);
			name = nameReactionList;
			sourceTree = "<group>";
		};
		4E5F79871D198923009AD7DC /* TotalSynthesisList */ = {
			isa = PBXGroup;
			children = (
				4E5F79841D19891E009AD7DC /* CYLTotalSythesisListViewController.h */,
				4E5F79851D19891E009AD7DC /* CYLTotalSythesisListViewController.m */,
				4E5F798E1D1A51EA009AD7DC /* TSListViewController */,
			);
			name = TotalSynthesisList;
			sourceTree = "<group>";
		};
		4E5F798E1D1A51EA009AD7DC /* TSListViewController */ = {
			isa = PBXGroup;
			children = (
				4E5F798B1D1A4CFE009AD7DC /* CYLTotalSynDetailViewController.h */,
				4E5F798C1D1A4CFE009AD7DC /* CYLTotalSynDetailViewController.m */,
			);
			name = TSListViewController;
			sourceTree = "<group>";
		};
		4E5F79951D1B6E2E009AD7DC /* HighLightViewController */ = {
			isa = PBXGroup;
			children = (
				4E5F79921D1B6E27009AD7DC /* CYLHighLightViewController.h */,
				4E5F79931D1B6E27009AD7DC /* CYLHighLightViewController.m */,
				4E5F79991D1B7542009AD7DC /* HLMonthViewController */,
			);
			name = HighLightViewController;
			sourceTree = "<group>";
		};
		4E5F79991D1B7542009AD7DC /* HLMonthViewController */ = {
			isa = PBXGroup;
			children = (
				4E5F79961D1B753E009AD7DC /* CYLHighLightMonthViewController.h */,
				4E5F79971D1B753E009AD7DC /* CYLHighLightMonthViewController.m */,
			);
			name = HLMonthViewController;
			sourceTree = "<group>";
		};
		4E5F79A31D1CE781009AD7DC /* ResourceViewController */ = {
			isa = PBXGroup;
			children = (
				4E5F79A01D1CE77C009AD7DC /* CYLResourceViewController.h */,
				4E5F79A11D1CE77C009AD7DC /* CYLResourceViewController.m */,
				4E5F79A41D1CECC2009AD7DC /* CYLSpecificResourceViewController.h */,
				4E5F79A51D1CECC2009AD7DC /* CYLSpecificResourceViewController.m */,
			);
			name = ResourceViewController;
			sourceTree = "<group>";
		};
		4E7E26C01D409E420074B36C /* gotoStore */ = {
			isa = PBXGroup;
			children = (
				4E7E26BB1D408F670074B36C /* CYLGoToStore.h */,
				4E7E26BC1D408F670074B36C /* CYLGoToStore.m */,
			);
			name = gotoStore;
			sourceTree = "<group>";
		};
		4EAC5D771D1400C900199DAA /* Search ViewController */ = {
			isa = PBXGroup;
			children = (
				4E2A81F41D0DA0220082D785 /* CYLSearchViewController.h */,
				4E2A81F51D0DA0220082D785 /* CYLSearchViewController.m */,
				4E5F79831D1965EA009AD7DC /* nameReactionList */,
				4E5F79871D198923009AD7DC /* TotalSynthesisList */,
				4E5F79951D1B6E2E009AD7DC /* HighLightViewController */,
				4E5F79A31D1CE781009AD7DC /* ResourceViewController */,
			);
			name = "Search ViewController";
			sourceTree = "<group>";
		};
		4EAC5D781D1400E500199DAA /* Result ViewController */ = {
			isa = PBXGroup;
			children = (
				4ECC97C61D1197D800D5000C /* CYLResultViewController.h */,
				4ECC97C71D1197D800D5000C /* CYLResultViewController.m */,
			);
			name = "Result ViewController";
			sourceTree = "<group>";
		};
		4EAC5D791D14010800199DAA /* Result Detail ViewController */ = {
			isa = PBXGroup;
			children = (
				4ECC97CF1D12818A00D5000C /* CYLReactionDetailViewController.h */,
				4ECC97D01D12818A00D5000C /* CYLReactionDetailViewController.m */,
			);
			name = "Result Detail ViewController";
			sourceTree = "<group>";
		};
		4EAC5D801D14082800199DAA /* loading Animation */ = {
			isa = PBXGroup;
			children = (
			);
			name = "loading Animation";
			sourceTree = "<group>";
		};
		4ECC97BF1D11027B00D5000C /* catagory */ = {
			isa = PBXGroup;
			children = (
				4ECC97C01D11029600D5000C /* UIImage+CYLImageExtension.h */,
				4ECC97C11D11029600D5000C /* UIImage+CYLImageExtension.m */,
				4E5F79881D1A492A009AD7DC /* NSString+CYLNsstring.h */,
				4E5F79891D1A492A009AD7DC /* NSString+CYLNsstring.m */,
				4E5F798F1D1A5ECC009AD7DC /* UIColor+CYLColor.h */,
				4E5F79901D1A5ECC009AD7DC /* UIColor+CYLColor.m */,
				4E5F799D1D1CD312009AD7DC /* NSObject+CYLStorageMethod.h */,
				4E5F799E1D1CD312009AD7DC /* NSObject+CYLStorageMethod.m */,
			);
			path = catagory;
			sourceTree = "<group>";
		};
		9D8459DEB8A9F70BCD5E3FEB /* Frameworks */ = {
			isa = PBXGroup;
			children = (
				4E7E26BE1D40980C0074B36C /* StoreKit.framework */,
				4E1377FA1D17DFB400857C36 /* libxml2.tbd */,
				4EAC5D871D1409F100199DAA /* Foundation.framework */,
				4EAC5D851D1409E700199DAA /* UIKit.framework */,
				4EAC5D831D14094D00199DAA /* QuartzCore.framework */,
				4EAC5D811D14094600199DAA /* CoreGraphics.framework */,
				4ECC97C41D118DEE00D5000C /* libxml2.2.tbd */,
				4ECC97B71D10F16200D5000C /* WebKit.framework */,
				A756A2C6D2E97427A9486FDB /* libPods-ChemMaster.a */,
			);
			name = Frameworks;
			sourceTree = "<group>";
		};
/* End PBXGroup section */

/* Begin PBXNativeTarget section */
		4E2A81A21D0D9BCF0082D785 /* ChemMaster */ = {
			isa = PBXNativeTarget;
			buildConfigurationList = 4E2A81D01D0D9BD00082D785 /* Build configuration list for PBXNativeTarget "ChemMaster" */;
			buildPhases = (
				42D3EEB4F156F55EC57BAE5E /* 📦 Check Pods Manifest.lock */,
				4E2A819F1D0D9BCF0082D785 /* Sources */,
				4E2A81A01D0D9BCF0082D785 /* Frameworks */,
				4E2A81A11D0D9BCF0082D785 /* Resources */,
				D05F6E0664A78F23DF183EF1 /* 📦 Embed Pods Frameworks */,
				6D29B907680187FD3283E301 /* 📦 Copy Pods Resources */,
			);
			buildRules = (
			);
			dependencies = (
			);
			name = ChemMaster;
			productName = ChemMaster;
			productReference = 4E2A81A31D0D9BCF0082D785 /* ChemMaster.app */;
			productType = "com.apple.product-type.application";
		};
		4E2A81BB1D0D9BCF0082D785 /* ChemMasterTests */ = {
			isa = PBXNativeTarget;
			buildConfigurationList = 4E2A81D31D0D9BD00082D785 /* Build configuration list for PBXNativeTarget "ChemMasterTests" */;
			buildPhases = (
				4E2A81B81D0D9BCF0082D785 /* Sources */,
				4E2A81B91D0D9BCF0082D785 /* Frameworks */,
				4E2A81BA1D0D9BCF0082D785 /* Resources */,
			);
			buildRules = (
			);
			dependencies = (
				4E2A81BE1D0D9BCF0082D785 /* PBXTargetDependency */,
			);
			name = ChemMasterTests;
			productName = ChemMasterTests;
			productReference = 4E2A81BC1D0D9BCF0082D785 /* ChemMasterTests.xctest */;
			productType = "com.apple.product-type.bundle.unit-test";
		};
		4E2A81C61D0D9BD00082D785 /* ChemMasterUITests */ = {
			isa = PBXNativeTarget;
			buildConfigurationList = 4E2A81D61D0D9BD00082D785 /* Build configuration list for PBXNativeTarget "ChemMasterUITests" */;
			buildPhases = (
				4E2A81C31D0D9BD00082D785 /* Sources */,
				4E2A81C41D0D9BD00082D785 /* Frameworks */,
				4E2A81C51D0D9BD00082D785 /* Resources */,
			);
			buildRules = (
			);
			dependencies = (
				4E2A81C91D0D9BD00082D785 /* PBXTargetDependency */,
			);
			name = ChemMasterUITests;
			productName = ChemMasterUITests;
			productReference = 4E2A81C71D0D9BD00082D785 /* ChemMasterUITests.xctest */;
			productType = "com.apple.product-type.bundle.ui-testing";
		};
/* End PBXNativeTarget section */

/* Begin PBXProject section */
		4E2A819B1D0D9BCF0082D785 /* Project object */ = {
			isa = PBXProject;
			attributes = {
				CLASSPREFIX = CYL;
				LastUpgradeCheck = 0730;
				ORGANIZATIONNAME = GARY;
				TargetAttributes = {
					4E2A81A21D0D9BCF0082D785 = {
						CreatedOnToolsVersion = 7.3.1;
						DevelopmentTeam = 8WBSNNM3Z6;
					};
					4E2A81BB1D0D9BCF0082D785 = {
						CreatedOnToolsVersion = 7.3.1;
						TestTargetID = 4E2A81A21D0D9BCF0082D785;
					};
					4E2A81C61D0D9BD00082D785 = {
						CreatedOnToolsVersion = 7.3.1;
						TestTargetID = 4E2A81A21D0D9BCF0082D785;
					};
				};
			};
			buildConfigurationList = 4E2A819E1D0D9BCF0082D785 /* Build configuration list for PBXProject "ChemMaster" */;
			compatibilityVersion = "Xcode 3.2";
			developmentRegion = English;
			hasScannedForEncodings = 0;
			knownRegions = (
				en,
				Base,
			);
			mainGroup = 4E2A819A1D0D9BCF0082D785;
			productRefGroup = 4E2A81A41D0D9BCF0082D785 /* Products */;
			projectDirPath = "";
			projectRoot = "";
			targets = (
				4E2A81A21D0D9BCF0082D785 /* ChemMaster */,
				4E2A81BB1D0D9BCF0082D785 /* ChemMasterTests */,
				4E2A81C61D0D9BD00082D785 /* ChemMasterUITests */,
			);
		};
/* End PBXProject section */

/* Begin PBXResourcesBuildPhase section */
		4E2A81A11D0D9BCF0082D785 /* Resources */ = {
			isa = PBXResourcesBuildPhase;
			buildActionMask = 2147483647;
			files = (
				4E2A81B61D0D9BCF0082D785 /* LaunchScreen.storyboard in Resources */,
				4E2A81B31D0D9BCF0082D785 /* Assets.xcassets in Resources */,
			);
			runOnlyForDeploymentPostprocessing = 0;
		};
		4E2A81BA1D0D9BCF0082D785 /* Resources */ = {
			isa = PBXResourcesBuildPhase;
			buildActionMask = 2147483647;
			files = (
			);
			runOnlyForDeploymentPostprocessing = 0;
		};
		4E2A81C51D0D9BD00082D785 /* Resources */ = {
			isa = PBXResourcesBuildPhase;
			buildActionMask = 2147483647;
			files = (
			);
			runOnlyForDeploymentPostprocessing = 0;
		};
/* End PBXResourcesBuildPhase section */

/* Begin PBXShellScriptBuildPhase section */
		42D3EEB4F156F55EC57BAE5E /* 📦 Check Pods Manifest.lock */ = {
			isa = PBXShellScriptBuildPhase;
			buildActionMask = 2147483647;
			files = (
			);
			inputPaths = (
			);
			name = "📦 Check Pods Manifest.lock";
			outputPaths = (
			);
			runOnlyForDeploymentPostprocessing = 0;
			shellPath = /bin/sh;
			shellScript = "diff \"${PODS_ROOT}/../Podfile.lock\" \"${PODS_ROOT}/Manifest.lock\" > /dev/null\nif [[ $? != 0 ]] ; then\n    cat << EOM\nerror: The sandbox is not in sync with the Podfile.lock. Run 'pod install' or update your CocoaPods installation.\nEOM\n    exit 1\nfi\n";
			showEnvVarsInLog = 0;
		};
		6D29B907680187FD3283E301 /* 📦 Copy Pods Resources */ = {
			isa = PBXShellScriptBuildPhase;
			buildActionMask = 2147483647;
			files = (
			);
			inputPaths = (
			);
			name = "📦 Copy Pods Resources";
			outputPaths = (
			);
			runOnlyForDeploymentPostprocessing = 0;
			shellPath = /bin/sh;
			shellScript = "\"${SRCROOT}/Pods/Target Support Files/Pods-ChemMaster/Pods-ChemMaster-resources.sh\"\n";
			showEnvVarsInLog = 0;
		};
		D05F6E0664A78F23DF183EF1 /* 📦 Embed Pods Frameworks */ = {
			isa = PBXShellScriptBuildPhase;
			buildActionMask = 2147483647;
			files = (
			);
			inputPaths = (
			);
			name = "📦 Embed Pods Frameworks";
			outputPaths = (
			);
			runOnlyForDeploymentPostprocessing = 0;
			shellPath = /bin/sh;
			shellScript = "\"${SRCROOT}/Pods/Target Support Files/Pods-ChemMaster/Pods-ChemMaster-frameworks.sh\"\n";
			showEnvVarsInLog = 0;
		};
/* End PBXShellScriptBuildPhase section */

/* Begin PBXSourcesBuildPhase section */
		4E2A819F1D0D9BCF0082D785 /* Sources */ = {
			isa = PBXSourcesBuildPhase;
			buildActionMask = 2147483647;
			files = (
				4E7E26BD1D408F670074B36C /* CYLGoToStore.m in Sources */,
				4EADD1DD1D2AA31000DC7C94 /* CYLDetailViewFromSaveViewController.m in Sources */,
				4E2A82221D0FE1C70082D785 /* CYLHightLightCell.m in Sources */,
				4E1377F51D16516400857C36 /* CYLChemicalBond.m in Sources */,
				4E1377EF1D152B2400857C36 /* CYLToolBarView.m in Sources */,
				4E2A82131D0DB2970082D785 /* CYLTabBarButton.m in Sources */,
				4E2A820F1D0DA7A40082D785 /* UpImageDownTitleButton.m in Sources */,
				4E2A82041D0DA6580082D785 /* CYLNaviViewController.m in Sources */,
				4E2A82251D0FE2860082D785 /* CYLHightLightModel.m in Sources */,
				4E2A81EF1D0D9FE50082D785 /* CYLDrawViewController.m in Sources */,
				4E5F799F1D1CD312009AD7DC /* NSObject+CYLStorageMethod.m in Sources */,
				4E8B0D4A1D2BC5980086AE67 /* CYLAssistanceView.m in Sources */,
				4E5F79A21D1CE77C009AD7DC /* CYLResourceViewController.m in Sources */,
				4E2A81E91D0D9FB90082D785 /* CYLMainViewController.m in Sources */,
				4E5F79821D196551009AD7DC /* CYLnameReactionListViewController.m in Sources */,
				4E2A81AB1D0D9BCF0082D785 /* AppDelegate.m in Sources */,
				4E6286631D1E5DEA005498F0 /* CYLTripleBond.m in Sources */,
				4E1377F91D16640500857C36 /* CYLCarbonAtom.m in Sources */,
				4ECC97C81D1197D800D5000C /* CYLResultViewController.m in Sources */,
				4ECC97D11D12818A00D5000C /* CYLReactionDetailViewController.m in Sources */,
				4E2A821C1D0EE7950082D785 /* CYLEditorChociseModel.m in Sources */,
				4E2A81F61D0DA0220082D785 /* CYLSearchViewController.m in Sources */,
				4E5F798A1D1A492A009AD7DC /* NSString+CYLNsstring.m in Sources */,
				4E1377EC1D152A6900857C36 /* CYLDrawView.m in Sources */,
				4EADD1DA1D2A3CEB00DC7C94 /* CYLShowSaveFileController.m in Sources */,
				4ECC97CB1D1197E900D5000C /* CYLResultModel.m in Sources */,
				4E2A82051D0DA6580082D785 /* CYLTabBarController.m in Sources */,
				4E5F798D1D1A4CFE009AD7DC /* CYLTotalSynDetailViewController.m in Sources */,
				4E5F79A61D1CECC2009AD7DC /* CYLSpecificResourceViewController.m in Sources */,
				4E5F79981D1B753E009AD7DC /* CYLHighLightMonthViewController.m in Sources */,
				4E5F79941D1B6E27009AD7DC /* CYLHighLightViewController.m in Sources */,
				4E2A820E1D0DA7A40082D785 /* CYLBadgeView.m in Sources */,
				4E2A82191D0EE0460082D785 /* CYLHeaderReusableView.m in Sources */,
				4E5F79911D1A5ECC009AD7DC /* UIColor+CYLColor.m in Sources */,
				4EADD1D21D2A2FA200DC7C94 /* CYLMineViewController.m in Sources */,
				4ECC97C21D11029600D5000C /* UIImage+CYLImageExtension.m in Sources */,
				4ECC97CE1D1261C100D5000C /* CYLDetailModel.m in Sources */,
				4E2A82081D0DA6B40082D785 /* CYLTabBar.m in Sources */,
				4E2E44E01D2E69E700DFE058 /* CYLAngleBtn.m in Sources */,
				4ECC97BE1D10F3F800D5000C /* CYLWebViewController.m in Sources */,
				4E5F79861D19891E009AD7DC /* CYLTotalSythesisListViewController.m in Sources */,
				4E5F799C1D1CC525009AD7DC /* CYLDoubleBond.m in Sources */,
				4E2A81A81D0D9BCF0082D785 /* main.m in Sources */,
			);
			runOnlyForDeploymentPostprocessing = 0;
		};
		4E2A81B81D0D9BCF0082D785 /* Sources */ = {
			isa = PBXSourcesBuildPhase;
			buildActionMask = 2147483647;
			files = (
				4E2A81C11D0D9BD00082D785 /* ChemMasterTests.m in Sources */,
			);
			runOnlyForDeploymentPostprocessing = 0;
		};
		4E2A81C31D0D9BD00082D785 /* Sources */ = {
			isa = PBXSourcesBuildPhase;
			buildActionMask = 2147483647;
			files = (
				4E2A81CC1D0D9BD00082D785 /* ChemMasterUITests.m in Sources */,
			);
			runOnlyForDeploymentPostprocessing = 0;
		};
/* End PBXSourcesBuildPhase section */

/* Begin PBXTargetDependency section */
		4E2A81BE1D0D9BCF0082D785 /* PBXTargetDependency */ = {
			isa = PBXTargetDependency;
			target = 4E2A81A21D0D9BCF0082D785 /* ChemMaster */;
			targetProxy = 4E2A81BD1D0D9BCF0082D785 /* PBXContainerItemProxy */;
		};
		4E2A81C91D0D9BD00082D785 /* PBXTargetDependency */ = {
			isa = PBXTargetDependency;
			target = 4E2A81A21D0D9BCF0082D785 /* ChemMaster */;
			targetProxy = 4E2A81C81D0D9BD00082D785 /* PBXContainerItemProxy */;
		};
/* End PBXTargetDependency section */

/* Begin PBXVariantGroup section */
		4E2A81B41D0D9BCF0082D785 /* LaunchScreen.storyboard */ = {
			isa = PBXVariantGroup;
			children = (
				4E2A81B51D0D9BCF0082D785 /* Base */,
			);
			name = LaunchScreen.storyboard;
			sourceTree = "<group>";
		};
/* End PBXVariantGroup section */

/* Begin XCBuildConfiguration section */
		4E2A81CE1D0D9BD00082D785 /* Debug */ = {
			isa = XCBuildConfiguration;
			buildSettings = {
				ALWAYS_SEARCH_USER_PATHS = NO;
				CLANG_ANALYZER_NONNULL = YES;
				CLANG_CXX_LANGUAGE_STANDARD = "gnu++0x";
				CLANG_CXX_LIBRARY = "libc++";
				CLANG_ENABLE_MODULES = YES;
				CLANG_ENABLE_OBJC_ARC = YES;
				CLANG_WARN_BOOL_CONVERSION = YES;
				CLANG_WARN_CONSTANT_CONVERSION = YES;
				CLANG_WARN_DIRECT_OBJC_ISA_USAGE = YES_ERROR;
				CLANG_WARN_EMPTY_BODY = YES;
				CLANG_WARN_ENUM_CONVERSION = YES;
				CLANG_WARN_INT_CONVERSION = YES;
				CLANG_WARN_OBJC_ROOT_CLASS = YES_ERROR;
				CLANG_WARN_UNREACHABLE_CODE = YES;
				CLANG_WARN__DUPLICATE_METHOD_MATCH = YES;
				CODE_SIGN_IDENTITY = "iPhone Developer";
				"CODE_SIGN_IDENTITY[sdk=iphoneos*]" = "iPhone Developer";
				COPY_PHASE_STRIP = NO;
				DEBUG_INFORMATION_FORMAT = dwarf;
				ENABLE_STRICT_OBJC_MSGSEND = YES;
				ENABLE_TESTABILITY = YES;
				GCC_C_LANGUAGE_STANDARD = gnu99;
				GCC_DYNAMIC_NO_PIC = NO;
				GCC_NO_COMMON_BLOCKS = YES;
				GCC_OPTIMIZATION_LEVEL = 0;
				GCC_PREPROCESSOR_DEFINITIONS = (
					"DEBUG=1",
					"$(inherited)",
				);
				GCC_WARN_64_TO_32_BIT_CONVERSION = YES;
				GCC_WARN_ABOUT_RETURN_TYPE = YES_ERROR;
				GCC_WARN_UNDECLARED_SELECTOR = YES;
				GCC_WARN_UNINITIALIZED_AUTOS = YES_AGGRESSIVE;
				GCC_WARN_UNUSED_FUNCTION = YES;
				GCC_WARN_UNUSED_VARIABLE = YES;
				IPHONEOS_DEPLOYMENT_TARGET = 9.3;
				MTL_ENABLE_DEBUG_INFO = YES;
				ONLY_ACTIVE_ARCH = YES;
				SDKROOT = iphoneos;
			};
			name = Debug;
		};
		4E2A81CF1D0D9BD00082D785 /* Release */ = {
			isa = XCBuildConfiguration;
			buildSettings = {
				ALWAYS_SEARCH_USER_PATHS = NO;
				CLANG_ANALYZER_NONNULL = YES;
				CLANG_CXX_LANGUAGE_STANDARD = "gnu++0x";
				CLANG_CXX_LIBRARY = "libc++";
				CLANG_ENABLE_MODULES = YES;
				CLANG_ENABLE_OBJC_ARC = YES;
				CLANG_WARN_BOOL_CONVERSION = YES;
				CLANG_WARN_CONSTANT_CONVERSION = YES;
				CLANG_WARN_DIRECT_OBJC_ISA_USAGE = YES_ERROR;
				CLANG_WARN_EMPTY_BODY = YES;
				CLANG_WARN_ENUM_CONVERSION = YES;
				CLANG_WARN_INT_CONVERSION = YES;
				CLANG_WARN_OBJC_ROOT_CLASS = YES_ERROR;
				CLANG_WARN_UNREACHABLE_CODE = YES;
				CLANG_WARN__DUPLICATE_METHOD_MATCH = YES;
				CODE_SIGN_IDENTITY = "iPhone Developer";
				"CODE_SIGN_IDENTITY[sdk=iphoneos*]" = "iPhone Developer";
				COPY_PHASE_STRIP = NO;
				DEBUG_INFORMATION_FORMAT = "dwarf-with-dsym";
				ENABLE_NS_ASSERTIONS = NO;
				ENABLE_STRICT_OBJC_MSGSEND = YES;
				GCC_C_LANGUAGE_STANDARD = gnu99;
				GCC_NO_COMMON_BLOCKS = YES;
				GCC_WARN_64_TO_32_BIT_CONVERSION = YES;
				GCC_WARN_ABOUT_RETURN_TYPE = YES_ERROR;
				GCC_WARN_UNDECLARED_SELECTOR = YES;
				GCC_WARN_UNINITIALIZED_AUTOS = YES_AGGRESSIVE;
				GCC_WARN_UNUSED_FUNCTION = YES;
				GCC_WARN_UNUSED_VARIABLE = YES;
				IPHONEOS_DEPLOYMENT_TARGET = 9.3;
				MTL_ENABLE_DEBUG_INFO = NO;
				SDKROOT = iphoneos;
				VALIDATE_PRODUCT = YES;
			};
			name = Release;
		};
		4E2A81D11D0D9BD00082D785 /* Debug */ = {
			isa = XCBuildConfiguration;
			baseConfigurationReference = E01F783DFEA3D2E60DFA70CE /* Pods-ChemMaster.debug.xcconfig */;
			buildSettings = {
				ASSETCATALOG_COMPILER_APPICON_NAME = AppIcon;
				CODE_SIGN_IDENTITY = "iPhone Developer";
				"CODE_SIGN_IDENTITY[sdk=iphoneos*]" = "iPhone Developer";
				GCC_PREFIX_HEADER = ChemMaster/Classes/Other/Prefix.pch;
				INFOPLIST_FILE = ChemMaster/Info.plist;
				LD_RUNPATH_SEARCH_PATHS = "$(inherited) @executable_path/Frameworks";
				PRODUCT_BUNDLE_IDENTIFIER = CLY.ChemMaster;
				PRODUCT_NAME = "$(TARGET_NAME)";
				PROVISIONING_PROFILE = "";
				TARGETED_DEVICE_FAMILY = 1;
				VALID_ARCHS = "arm64 armv7 armv7s";
			};
			name = Debug;
		};
		4E2A81D21D0D9BD00082D785 /* Release */ = {
			isa = XCBuildConfiguration;
			baseConfigurationReference = 730560DAAF9BC4822389DB9E /* Pods-ChemMaster.release.xcconfig */;
			buildSettings = {
				ASSETCATALOG_COMPILER_APPICON_NAME = AppIcon;
				CODE_SIGN_IDENTITY = "iPhone Developer";
				"CODE_SIGN_IDENTITY[sdk=iphoneos*]" = "iPhone Developer";
				GCC_PREFIX_HEADER = ChemMaster/Classes/Other/Prefix.pch;
				INFOPLIST_FILE = ChemMaster/Info.plist;
				LD_RUNPATH_SEARCH_PATHS = "$(inherited) @executable_path/Frameworks";
				PRODUCT_BUNDLE_IDENTIFIER = CLY.ChemMaster;
				PRODUCT_NAME = "$(TARGET_NAME)";
				PROVISIONING_PROFILE = "";
				TARGETED_DEVICE_FAMILY = 1;
				VALID_ARCHS = "arm64 armv7 armv7s";
			};
			name = Release;
		};
		4E2A81D41D0D9BD00082D785 /* Debug */ = {
			isa = XCBuildConfiguration;
			buildSettings = {
				BUNDLE_LOADER = "$(TEST_HOST)";
				INFOPLIST_FILE = ChemMasterTests/Info.plist;
				LD_RUNPATH_SEARCH_PATHS = "$(inherited) @executable_path/Frameworks @loader_path/Frameworks";
				PRODUCT_BUNDLE_IDENTIFIER = "-01.ChemMasterTests";
				PRODUCT_NAME = "$(TARGET_NAME)";
				TEST_HOST = "$(BUILT_PRODUCTS_DIR)/ChemMaster.app/ChemMaster";
			};
			name = Debug;
		};
		4E2A81D51D0D9BD00082D785 /* Release */ = {
			isa = XCBuildConfiguration;
			buildSettings = {
				BUNDLE_LOADER = "$(TEST_HOST)";
				INFOPLIST_FILE = ChemMasterTests/Info.plist;
				LD_RUNPATH_SEARCH_PATHS = "$(inherited) @executable_path/Frameworks @loader_path/Frameworks";
				PRODUCT_BUNDLE_IDENTIFIER = "-01.ChemMasterTests";
				PRODUCT_NAME = "$(TARGET_NAME)";
				TEST_HOST = "$(BUILT_PRODUCTS_DIR)/ChemMaster.app/ChemMaster";
			};
			name = Release;
		};
		4E2A81D71D0D9BD00082D785 /* Debug */ = {
			isa = XCBuildConfiguration;
			buildSettings = {
				INFOPLIST_FILE = ChemMasterUITests/Info.plist;
				LD_RUNPATH_SEARCH_PATHS = "$(inherited) @executable_path/Frameworks @loader_path/Frameworks";
				PRODUCT_BUNDLE_IDENTIFIER = "-01.ChemMasterUITests";
				PRODUCT_NAME = "$(TARGET_NAME)";
				TEST_TARGET_NAME = ChemMaster;
			};
			name = Debug;
		};
		4E2A81D81D0D9BD00082D785 /* Release */ = {
			isa = XCBuildConfiguration;
			buildSettings = {
				INFOPLIST_FILE = ChemMasterUITests/Info.plist;
				LD_RUNPATH_SEARCH_PATHS = "$(inherited) @executable_path/Frameworks @loader_path/Frameworks";
				PRODUCT_BUNDLE_IDENTIFIER = "-01.ChemMasterUITests";
				PRODUCT_NAME = "$(TARGET_NAME)";
				TEST_TARGET_NAME = ChemMaster;
			};
			name = Release;
		};
/* End XCBuildConfiguration section */

/* Begin XCConfigurationList section */
		4E2A819E1D0D9BCF0082D785 /* Build configuration list for PBXProject "ChemMaster" */ = {
			isa = XCConfigurationList;
			buildConfigurations = (
				4E2A81CE1D0D9BD00082D785 /* Debug */,
				4E2A81CF1D0D9BD00082D785 /* Release */,
			);
			defaultConfigurationIsVisible = 0;
			defaultConfigurationName = Release;
		};
		4E2A81D01D0D9BD00082D785 /* Build configuration list for PBXNativeTarget "ChemMaster" */ = {
			isa = XCConfigurationList;
			buildConfigurations = (
				4E2A81D11D0D9BD00082D785 /* Debug */,
				4E2A81D21D0D9BD00082D785 /* Release */,
			);
			defaultConfigurationIsVisible = 0;
			defaultConfigurationName = Release;
		};
		4E2A81D31D0D9BD00082D785 /* Build configuration list for PBXNativeTarget "ChemMasterTests" */ = {
			isa = XCConfigurationList;
			buildConfigurations = (
				4E2A81D41D0D9BD00082D785 /* Debug */,
				4E2A81D51D0D9BD00082D785 /* Release */,
			);
			defaultConfigurationIsVisible = 0;
			defaultConfigurationName = Release;
		};
		4E2A81D61D0D9BD00082D785 /* Build configuration list for PBXNativeTarget "ChemMasterUITests" */ = {
			isa = XCConfigurationList;
			buildConfigurations = (
				4E2A81D71D0D9BD00082D785 /* Debug */,
				4E2A81D81D0D9BD00082D785 /* Release */,
			);
			defaultConfigurationIsVisible = 0;
			defaultConfigurationName = Release;
		};
/* End XCConfigurationList section */
	};
	rootObject = 4E2A819B1D0D9BCF0082D785 /* Project object */;
}
